
Microsoft Visual Studio Solution File, Format Version 12.00
# Visual Studio Version 16
VisualStudioVersion = 16.0.30413.136
MinimumVisualStudioVersion = 10.0.40219.1
Project("{FAE04EC0-301F-11D3-BF4B-00C04F79EFBC}") = "Prace1skola", "Prace1skola\Prace1skola.csproj", "{D0DCAD39-E2D6-4D36-8305-A1E1A5783DFF}"
EndProject
Global
	GlobalSection(SolutionConfigurationPlatforms) = preSolution
		Debug|Any CPU = Debug|Any CPU
		Release|Any CPU = Release|Any CPU
	EndGlobalSection
	GlobalSection(ProjectConfigurationPlatforms) = postSolution
		{D0DCAD39-E2D6-4D36-8305-A1E1A5783DFF}.Debug|Any CPU.ActiveCfg = Debug|Any CPU
		{D0DCAD39-E2D6-4D36-8305-A1E1A5783DFF}.Debug|Any CPU.Build.0 = Debug|Any CPU
		{D0DCAD39-E2D6-4D36-8305-A1E1A5783DFF}.Release|Any CPU.ActiveCfg = Release|Any CPU
		{D0DCAD39-E2D6-4D36-8305-A1E1A5783DFF}.Release|Any CPU.Build.0 = Release|Any CPU
	EndGlobalSection
	GlobalSection(SolutionProperties) = preSolution
		HideSolutionNode = FALSE
	EndGlobalSection
	GlobalSection(ExtensibilityGlobals) = postSolution
		SolutionGuid = {DD531D07-0017-4478-BB48-D357228AFA35}
	EndGlobalSection
EndGlobal
